
Microsoft Visual Studio Solution File, Format Version 12.00
# Visual Studio 2013
VisualStudioVersion = 12.0.40629.0
MinimumVisualStudioVersion = 10.0.40219.1
Project("{2150E333-8FDC-42A3-9474-1A3956D46DE8}") = "1 UI(User Interface Layer)", "1 UI(User Interface Layer)", "{E3DCD1A9-B7FF-466D-8B8C-BF0AC92C0AA4}"
EndProject
Project("{2150E333-8FDC-42A3-9474-1A3956D46DE8}") = "4 DAL(Data Access Layer)", "4 DAL(Data Access Layer)", "{0BA40831-27CC-4F1A-9460-098382AADB5F}"
EndProject
Project("{2150E333-8FDC-42A3-9474-1A3956D46DE8}") = "3 BLL(Business Logic Layer)", "3 BLL(Business Logic Layer)", "{9A920620-73D5-4F81-9B7C-52D8957ABAA8}"
EndProject
Project("{FAE04EC0-301F-11D3-BF4B-00C04F79EFBC}") = "FreshFruit.Model", "FreshFruit.Model\FreshFruit.Model.csproj", "{B1001EE1-1DE0-4D09-9A8E-EB5AE57D257F}"
EndProject
Project("{FAE04EC0-301F-11D3-BF4B-00C04F79EFBC}") = "FreshFruit.BLL", "FreshFruit.BLL\FreshFruit.BLL.csproj", "{94A016D1-A2D4-4B5C-8159-BF23D2C08557}"
EndProject
Project("{FAE04EC0-301F-11D3-BF4B-00C04F79EFBC}") = "FreshFruit.IBLL", "FreshFruit.IBLL\FreshFruit.IBLL.csproj", "{167854B0-FCE8-4C01-AFFB-2DEF4ECC51ED}"
EndProject
Project("{FAE04EC0-301F-11D3-BF4B-00C04F79EFBC}") = "FreshFruit.WebSites.Official", "FreshFruit.WebSites.Official\FreshFruit.WebSites.Official.csproj", "{2835FDBA-96BA-4D5C-850D-A909BB12F4E3}"
EndProject
Project("{FAE04EC0-301F-11D3-BF4B-00C04F79EFBC}") = "FreshFruit.DAL", "FreshFruit.DAL\FreshFruit.DAL.csproj", "{4DE3C14D-2971-4AA2-9863-6179C64ABC1E}"
EndProject
Project("{FAE04EC0-301F-11D3-BF4B-00C04F79EFBC}") = "FreshFruit.IDAL", "FreshFruit.IDAL\FreshFruit.IDAL.csproj", "{E0274A99-04B7-44CC-8053-60043E80C089}"
EndProject
Project("{FAE04EC0-301F-11D3-BF4B-00C04F79EFBC}") = "FreshFruit.Common", "FreshFruit.Common\FreshFruit.Common.csproj", "{360E5E8C-E3D1-4189-BF8A-9623FC76E651}"
EndProject
Project("{FAE04EC0-301F-11D3-BF4B-00C04F79EFBC}") = "FreshFruit.WebSites.WeChat", "FreshFruit.WebSites.WeChat\FreshFruit.WebSites.WeChat.csproj", "{56D0A41E-C55D-4373-AF9E-E0E11374E8AA}"
EndProject
Project("{2150E333-8FDC-42A3-9474-1A3956D46DE8}") = "6 Common(Common Layer)", "6 Common(Common Layer)", "{44908A98-9B99-4789-BA7B-2BA7DD4FA650}"
EndProject
Project("{2150E333-8FDC-42A3-9474-1A3956D46DE8}") = "5 Model(Model Layer)", "5 Model(Model Layer)", "{D4C38310-8AEF-4993-84E8-E42B8E3728CF}"
EndProject
Project("{2150E333-8FDC-42A3-9474-1A3956D46DE8}") = "7 UnitTest(UnitTest Layer)", "7 UnitTest(UnitTest Layer)", "{B0F0D708-9E31-48E3-8DEC-C9BAD84B5301}"
EndProject
Project("{2150E333-8FDC-42A3-9474-1A3956D46DE8}") = "2 Services(Web Api)", "2 Services(Web Api)", "{B44C606C-53FE-44BB-8132-2CE92CBA1B49}"
EndProject
Project("{FAE04EC0-301F-11D3-BF4B-00C04F79EFBC}") = "FreshFruit.DataContract", "FreshFruit.DataContract\FreshFruit.DataContract.csproj", "{8C167438-88D5-43F0-91FB-19CB9B833C10}"
EndProject
Project("{FAE04EC0-301F-11D3-BF4B-00C04F79EFBC}") = "FreshFruit.ServicesContract", "FreshFruit.ServicesContract\FreshFruit.ServicesContract.csproj", "{9EB3C561-2D97-4474-A707-2528F911435E}"
EndProject
Project("{FAE04EC0-301F-11D3-BF4B-00C04F79EFBC}") = "FreshFruit.UnitTest", "FreshFruit.UnitTest\FreshFruit.UnitTest.csproj", "{AAB3EA13-C741-4FFE-8B9E-1A4AA09F0876}"
EndProject
Project("{FAE04EC0-301F-11D3-BF4B-00C04F79EFBC}") = "FreshFruit.Lucene", "FreshFruit.Lucene\FreshFruit.Lucene.csproj", "{41D0A725-5AA0-4C61-BC7C-0A13E38C43A2}"
EndProject
Project("{FAE04EC0-301F-11D3-BF4B-00C04F79EFBC}") = "FreshFruit.Configure", "FreshFruit.Configure\FreshFruit.Configure.csproj", "{811D050C-A32E-4CB2-AC2C-959E976ACE95}"
EndProject
Project("{FAE04EC0-301F-11D3-BF4B-00C04F79EFBC}") = "FreshFruit.Data", "FreshFruit.Data\FreshFruit.Data.csproj", "{A6CE79E6-B43E-4BF4-A6FF-C5CE02D61298}"
EndProject
Project("{FAE04EC0-301F-11D3-BF4B-00C04F79EFBC}") = "FreshFruit.CacheItems", "FreshFruit.CacheItems\FreshFruit.CacheItems.csproj", "{765D1817-C655-4AB6-9070-B5E1B2A875FB}"
EndProject
Project("{FAE04EC0-301F-11D3-BF4B-00C04F79EFBC}") = "ProductApp", "ProductApp\ProductApp.csproj", "{5AC44D35-FC97-4977-A375-0CB7229BBFD7}"
EndProject
Project("{FAE04EC0-301F-11D3-BF4B-00C04F79EFBC}") = "FreshFruit.Redis", "FreshFruit.Redis\FreshFruit.Redis.csproj", "{27F72717-BCC9-4446-9D6C-3147C0A2252E}"
EndProject
Project("{FAE04EC0-301F-11D3-BF4B-00C04F79EFBC}") = "WebAdmin", "WebAdmin\WebAdmin.csproj", "{6B859511-D54C-4C2B-85AB-C0C1B69B8DCB}"
EndProject
Global
	GlobalSection(SolutionConfigurationPlatforms) = preSolution
		Debug|Any CPU = Debug|Any CPU
		Release|Any CPU = Release|Any CPU
	EndGlobalSection
	GlobalSection(ProjectConfigurationPlatforms) = postSolution
		{B1001EE1-1DE0-4D09-9A8E-EB5AE57D257F}.Debug|Any CPU.ActiveCfg = Debug|Any CPU
		{B1001EE1-1DE0-4D09-9A8E-EB5AE57D257F}.Debug|Any CPU.Build.0 = Debug|Any CPU
		{B1001EE1-1DE0-4D09-9A8E-EB5AE57D257F}.Release|Any CPU.ActiveCfg = Release|Any CPU
		{B1001EE1-1DE0-4D09-9A8E-EB5AE57D257F}.Release|Any CPU.Build.0 = Release|Any CPU
		{94A016D1-A2D4-4B5C-8159-BF23D2C08557}.Debug|Any CPU.ActiveCfg = Debug|Any CPU
		{94A016D1-A2D4-4B5C-8159-BF23D2C08557}.Debug|Any CPU.Build.0 = Debug|Any CPU
		{94A016D1-A2D4-4B5C-8159-BF23D2C08557}.Release|Any CPU.ActiveCfg = Release|Any CPU
		{94A016D1-A2D4-4B5C-8159-BF23D2C08557}.Release|Any CPU.Build.0 = Release|Any CPU
		{167854B0-FCE8-4C01-AFFB-2DEF4ECC51ED}.Debug|Any CPU.ActiveCfg = Debug|Any CPU
		{167854B0-FCE8-4C01-AFFB-2DEF4ECC51ED}.Debug|Any CPU.Build.0 = Debug|Any CPU
		{167854B0-FCE8-4C01-AFFB-2DEF4ECC51ED}.Release|Any CPU.ActiveCfg = Release|Any CPU
		{167854B0-FCE8-4C01-AFFB-2DEF4ECC51ED}.Release|Any CPU.Build.0 = Release|Any CPU
		{2835FDBA-96BA-4D5C-850D-A909BB12F4E3}.Debug|Any CPU.ActiveCfg = Debug|Any CPU
		{2835FDBA-96BA-4D5C-850D-A909BB12F4E3}.Debug|Any CPU.Build.0 = Debug|Any CPU
		{2835FDBA-96BA-4D5C-850D-A909BB12F4E3}.Release|Any CPU.ActiveCfg = Release|Any CPU
		{2835FDBA-96BA-4D5C-850D-A909BB12F4E3}.Release|Any CPU.Build.0 = Release|Any CPU
		{4DE3C14D-2971-4AA2-9863-6179C64ABC1E}.Debug|Any CPU.ActiveCfg = Debug|Any CPU
		{4DE3C14D-2971-4AA2-9863-6179C64ABC1E}.Debug|Any CPU.Build.0 = Debug|Any CPU
		{4DE3C14D-2971-4AA2-9863-6179C64ABC1E}.Release|Any CPU.ActiveCfg = Release|Any CPU
		{4DE3C14D-2971-4AA2-9863-6179C64ABC1E}.Release|Any CPU.Build.0 = Release|Any CPU
		{E0274A99-04B7-44CC-8053-60043E80C089}.Debug|Any CPU.ActiveCfg = Debug|Any CPU
		{E0274A99-04B7-44CC-8053-60043E80C089}.Debug|Any CPU.Build.0 = Debug|Any CPU
		{E0274A99-04B7-44CC-8053-60043E80C089}.Release|Any CPU.ActiveCfg = Release|Any CPU
		{E0274A99-04B7-44CC-8053-60043E80C089}.Release|Any CPU.Build.0 = Release|Any CPU
		{360E5E8C-E3D1-4189-BF8A-9623FC76E651}.Debug|Any CPU.ActiveCfg = Debug|Any CPU
		{360E5E8C-E3D1-4189-BF8A-9623FC76E651}.Debug|Any CPU.Build.0 = Debug|Any CPU
		{360E5E8C-E3D1-4189-BF8A-9623FC76E651}.Release|Any CPU.ActiveCfg = Release|Any CPU
		{360E5E8C-E3D1-4189-BF8A-9623FC76E651}.Release|Any CPU.Build.0 = Release|Any CPU
		{56D0A41E-C55D-4373-AF9E-E0E11374E8AA}.Debug|Any CPU.ActiveCfg = Debug|Any CPU
		{56D0A41E-C55D-4373-AF9E-E0E11374E8AA}.Debug|Any CPU.Build.0 = Debug|Any CPU
		{56D0A41E-C55D-4373-AF9E-E0E11374E8AA}.Release|Any CPU.ActiveCfg = Release|Any CPU
		{56D0A41E-C55D-4373-AF9E-E0E11374E8AA}.Release|Any CPU.Build.0 = Release|Any CPU
		{8C167438-88D5-43F0-91FB-19CB9B833C10}.Debug|Any CPU.ActiveCfg = Debug|Any CPU
		{8C167438-88D5-43F0-91FB-19CB9B833C10}.Debug|Any CPU.Build.0 = Debug|Any CPU
		{8C167438-88D5-43F0-91FB-19CB9B833C10}.Release|Any CPU.ActiveCfg = Release|Any CPU
		{8C167438-88D5-43F0-91FB-19CB9B833C10}.Release|Any CPU.Build.0 = Release|Any CPU
		{9EB3C561-2D97-4474-A707-2528F911435E}.Debug|Any CPU.ActiveCfg = Debug|Any CPU
		{9EB3C561-2D97-4474-A707-2528F911435E}.Debug|Any CPU.Build.0 = Debug|Any CPU
		{9EB3C561-2D97-4474-A707-2528F911435E}.Release|Any CPU.ActiveCfg = Release|Any CPU
		{9EB3C561-2D97-4474-A707-2528F911435E}.Release|Any CPU.Build.0 = Release|Any CPU
		{AAB3EA13-C741-4FFE-8B9E-1A4AA09F0876}.Debug|Any CPU.ActiveCfg = Debug|Any CPU
		{AAB3EA13-C741-4FFE-8B9E-1A4AA09F0876}.Debug|Any CPU.Build.0 = Debug|Any CPU
		{AAB3EA13-C741-4FFE-8B9E-1A4AA09F0876}.Release|Any CPU.ActiveCfg = Release|Any CPU
		{AAB3EA13-C741-4FFE-8B9E-1A4AA09F0876}.Release|Any CPU.Build.0 = Release|Any CPU
		{41D0A725-5AA0-4C61-BC7C-0A13E38C43A2}.Debug|Any CPU.ActiveCfg = Debug|Any CPU
		{41D0A725-5AA0-4C61-BC7C-0A13E38C43A2}.Debug|Any CPU.Build.0 = Debug|Any CPU
		{41D0A725-5AA0-4C61-BC7C-0A13E38C43A2}.Release|Any CPU.ActiveCfg = Release|Any CPU
		{41D0A725-5AA0-4C61-BC7C-0A13E38C43A2}.Release|Any CPU.Build.0 = Release|Any CPU
		{811D050C-A32E-4CB2-AC2C-959E976ACE95}.Debug|Any CPU.ActiveCfg = Debug|Any CPU
		{811D050C-A32E-4CB2-AC2C-959E976ACE95}.Debug|Any CPU.Build.0 = Debug|Any CPU
		{811D050C-A32E-4CB2-AC2C-959E976ACE95}.Release|Any CPU.ActiveCfg = Release|Any CPU
		{811D050C-A32E-4CB2-AC2C-959E976ACE95}.Release|Any CPU.Build.0 = Release|Any CPU
		{A6CE79E6-B43E-4BF4-A6FF-C5CE02D61298}.Debug|Any CPU.ActiveCfg = Debug|Any CPU
		{A6CE79E6-B43E-4BF4-A6FF-C5CE02D61298}.Debug|Any CPU.Build.0 = Debug|Any CPU
		{A6CE79E6-B43E-4BF4-A6FF-C5CE02D61298}.Release|Any CPU.ActiveCfg = Release|Any CPU
		{A6CE79E6-B43E-4BF4-A6FF-C5CE02D61298}.Release|Any CPU.Build.0 = Release|Any CPU
		{765D1817-C655-4AB6-9070-B5E1B2A875FB}.Debug|Any CPU.ActiveCfg = Debug|Any CPU
		{765D1817-C655-4AB6-9070-B5E1B2A875FB}.Debug|Any CPU.Build.0 = Debug|Any CPU
		{765D1817-C655-4AB6-9070-B5E1B2A875FB}.Release|Any CPU.ActiveCfg = Release|Any CPU
		{765D1817-C655-4AB6-9070-B5E1B2A875FB}.Release|Any CPU.Build.0 = Release|Any CPU
		{5AC44D35-FC97-4977-A375-0CB7229BBFD7}.Debug|Any CPU.ActiveCfg = Debug|Any CPU
		{5AC44D35-FC97-4977-A375-0CB7229BBFD7}.Debug|Any CPU.Build.0 = Debug|Any CPU
		{5AC44D35-FC97-4977-A375-0CB7229BBFD7}.Release|Any CPU.ActiveCfg = Release|Any CPU
		{5AC44D35-FC97-4977-A375-0CB7229BBFD7}.Release|Any CPU.Build.0 = Release|Any CPU
		{27F72717-BCC9-4446-9D6C-3147C0A2252E}.Debug|Any CPU.ActiveCfg = Debug|Any CPU
		{27F72717-BCC9-4446-9D6C-3147C0A2252E}.Debug|Any CPU.Build.0 = Debug|Any CPU
		{27F72717-BCC9-4446-9D6C-3147C0A2252E}.Release|Any CPU.ActiveCfg = Release|Any CPU
		{27F72717-BCC9-4446-9D6C-3147C0A2252E}.Release|Any CPU.Build.0 = Release|Any CPU
		{6B859511-D54C-4C2B-85AB-C0C1B69B8DCB}.Debug|Any CPU.ActiveCfg = Debug|Any CPU
		{6B859511-D54C-4C2B-85AB-C0C1B69B8DCB}.Debug|Any CPU.Build.0 = Debug|Any CPU
		{6B859511-D54C-4C2B-85AB-C0C1B69B8DCB}.Release|Any CPU.ActiveCfg = Release|Any CPU
		{6B859511-D54C-4C2B-85AB-C0C1B69B8DCB}.Release|Any CPU.Build.0 = Release|Any CPU
	EndGlobalSection
	GlobalSection(SolutionProperties) = preSolution
		HideSolutionNode = FALSE
	EndGlobalSection
	GlobalSection(NestedProjects) = preSolution
		{B1001EE1-1DE0-4D09-9A8E-EB5AE57D257F} = {D4C38310-8AEF-4993-84E8-E42B8E3728CF}
		{94A016D1-A2D4-4B5C-8159-BF23D2C08557} = {9A920620-73D5-4F81-9B7C-52D8957ABAA8}
		{167854B0-FCE8-4C01-AFFB-2DEF4ECC51ED} = {9A920620-73D5-4F81-9B7C-52D8957ABAA8}
		{2835FDBA-96BA-4D5C-850D-A909BB12F4E3} = {E3DCD1A9-B7FF-466D-8B8C-BF0AC92C0AA4}
		{4DE3C14D-2971-4AA2-9863-6179C64ABC1E} = {0BA40831-27CC-4F1A-9460-098382AADB5F}
		{E0274A99-04B7-44CC-8053-60043E80C089} = {0BA40831-27CC-4F1A-9460-098382AADB5F}
		{360E5E8C-E3D1-4189-BF8A-9623FC76E651} = {44908A98-9B99-4789-BA7B-2BA7DD4FA650}
		{56D0A41E-C55D-4373-AF9E-E0E11374E8AA} = {E3DCD1A9-B7FF-466D-8B8C-BF0AC92C0AA4}
		{8C167438-88D5-43F0-91FB-19CB9B833C10} = {B44C606C-53FE-44BB-8132-2CE92CBA1B49}
		{9EB3C561-2D97-4474-A707-2528F911435E} = {B44C606C-53FE-44BB-8132-2CE92CBA1B49}
		{AAB3EA13-C741-4FFE-8B9E-1A4AA09F0876} = {B0F0D708-9E31-48E3-8DEC-C9BAD84B5301}
		{41D0A725-5AA0-4C61-BC7C-0A13E38C43A2} = {44908A98-9B99-4789-BA7B-2BA7DD4FA650}
		{811D050C-A32E-4CB2-AC2C-959E976ACE95} = {44908A98-9B99-4789-BA7B-2BA7DD4FA650}
		{A6CE79E6-B43E-4BF4-A6FF-C5CE02D61298} = {0BA40831-27CC-4F1A-9460-098382AADB5F}
		{765D1817-C655-4AB6-9070-B5E1B2A875FB} = {44908A98-9B99-4789-BA7B-2BA7DD4FA650}
		{5AC44D35-FC97-4977-A375-0CB7229BBFD7} = {E3DCD1A9-B7FF-466D-8B8C-BF0AC92C0AA4}
		{27F72717-BCC9-4446-9D6C-3147C0A2252E} = {44908A98-9B99-4789-BA7B-2BA7DD4FA650}
		{6B859511-D54C-4C2B-85AB-C0C1B69B8DCB} = {E3DCD1A9-B7FF-466D-8B8C-BF0AC92C0AA4}
	EndGlobalSection
EndGlobal
